
Microsoft Visual Studio Solution File, Format Version 11.00
# Visual Studio 2010
Project("{FAE04EC0-301F-11D3-BF4B-00C04F79EFBC}") = "UniTask", "UniTask.csproj", "{0e6324ac-355f-d289-5695-ee975b4f80f4}"
EndProject
Project("{FAE04EC0-301F-11D3-BF4B-00C04F79EFBC}") = "UniTask.Linq", "UniTask.Linq.csproj", "{5d25e330-9d5b-e3c5-6543-6336b63b5997}"
EndProject
Project("{FAE04EC0-301F-11D3-BF4B-00C04F79EFBC}") = "Assembly-CSharp", "Assembly-CSharp.csproj", "{82132670-eb45-3602-7ea2-855fcd841b8f}"
EndProject
Project("{FAE04EC0-301F-11D3-BF4B-00C04F79EFBC}") = "UniTask.DOTween", "UniTask.DOTween.csproj", "{c3fe5a32-55e9-ebe1-3910-045365840687}"
EndProject
Project("{FAE04EC0-301F-11D3-BF4B-00C04F79EFBC}") = "UniTask.TextMeshPro", "UniTask.TextMeshPro.csproj", "{73276a89-0749-d536-5aa6-7be3526f1e98}"
EndProject
Project("{FAE04EC0-301F-11D3-BF4B-00C04F79EFBC}") = "UniTask.Addressables", "UniTask.Addressables.csproj", "{ea70f462-9f7a-f019-d104-d139cd879f54}"
EndProject
Project("{FAE04EC0-301F-11D3-BF4B-00C04F79EFBC}") = "UniTask.Editor", "UniTask.Editor.csproj", "{52e33a70-e647-d983-7ab8-1bda5d2f9931}"
EndProject
Project("{FAE04EC0-301F-11D3-BF4B-00C04F79EFBC}") = "Assembly-CSharp-Editor", "Assembly-CSharp-Editor.csproj", "{a210d756-093b-a432-e032-f4dba21c1726}"
EndProject
Project("{FAE04EC0-301F-11D3-BF4B-00C04F79EFBC}") = "Assembly-CSharp-firstpass", "Assembly-CSharp-firstpass.csproj", "{e1a5964d-801c-f1f9-67e5-3d2632204ce9}"
EndProject
Global
	GlobalSection(SolutionConfigurationPlatforms) = preSolution
		Debug|Any CPU = Debug|Any CPU
	EndGlobalSection
	GlobalSection(ProjectConfigurationPlatforms) = postSolution
		{0e6324ac-355f-d289-5695-ee975b4f80f4}.Debug|Any CPU.ActiveCfg = Debug|Any CPU
		{0e6324ac-355f-d289-5695-ee975b4f80f4}.Debug|Any CPU.Build.0 = Debug|Any CPU
		{5d25e330-9d5b-e3c5-6543-6336b63b5997}.Debug|Any CPU.ActiveCfg = Debug|Any CPU
		{5d25e330-9d5b-e3c5-6543-6336b63b5997}.Debug|Any CPU.Build.0 = Debug|Any CPU
		{82132670-eb45-3602-7ea2-855fcd841b8f}.Debug|Any CPU.ActiveCfg = Debug|Any CPU
		{82132670-eb45-3602-7ea2-855fcd841b8f}.Debug|Any CPU.Build.0 = Debug|Any CPU
		{c3fe5a32-55e9-ebe1-3910-045365840687}.Debug|Any CPU.ActiveCfg = Debug|Any CPU
		{c3fe5a32-55e9-ebe1-3910-045365840687}.Debug|Any CPU.Build.0 = Debug|Any CPU
		{73276a89-0749-d536-5aa6-7be3526f1e98}.Debug|Any CPU.ActiveCfg = Debug|Any CPU
		{73276a89-0749-d536-5aa6-7be3526f1e98}.Debug|Any CPU.Build.0 = Debug|Any CPU
		{ea70f462-9f7a-f019-d104-d139cd879f54}.Debug|Any CPU.ActiveCfg = Debug|Any CPU
		{ea70f462-9f7a-f019-d104-d139cd879f54}.Debug|Any CPU.Build.0 = Debug|Any CPU
		{52e33a70-e647-d983-7ab8-1bda5d2f9931}.Debug|Any CPU.ActiveCfg = Debug|Any CPU
		{52e33a70-e647-d983-7ab8-1bda5d2f9931}.Debug|Any CPU.Build.0 = Debug|Any CPU
		{a210d756-093b-a432-e032-f4dba21c1726}.Debug|Any CPU.ActiveCfg = Debug|Any CPU
		{a210d756-093b-a432-e032-f4dba21c1726}.Debug|Any CPU.Build.0 = Debug|Any CPU
		{e1a5964d-801c-f1f9-67e5-3d2632204ce9}.Debug|Any CPU.ActiveCfg = Debug|Any CPU
		{e1a5964d-801c-f1f9-67e5-3d2632204ce9}.Debug|Any CPU.Build.0 = Debug|Any CPU
	EndGlobalSection
	GlobalSection(SolutionProperties) = preSolution
		HideSolutionNode = FALSE
	EndGlobalSection
EndGlobal
